// !$*UTF8*$!
{
	archiveVersion = 1;
	classes = {
	};
	objectVersion = 46;
	objects = {

/* Begin PBXBuildFile section */
		AF1D22B81D4C5D7E0098460C /* Fibonacci.h in Headers */ = {isa = PBXBuildFile; fileRef = AF1D22B71D4C5D7E0098460C /* Fibonacci.h */; settings = {ATTRIBUTES = (Public, ); }; };
		AF1D22BF1D4C5D7E0098460C /* Fibonacci.framework in Frameworks */ = {isa = PBXBuildFile; fileRef = AF1D22B41D4C5D7E0098460C /* Fibonacci.framework */; };
		AF1D22DB1D4C5DD30098460C /* Math.swift in Sources */ = {isa = PBXBuildFile; fileRef = AF1D22D91D4C5DD30098460C /* Math.swift */; };
		AF1D22DC1D4C5DD30098460C /* Utils.swift in Sources */ = {isa = PBXBuildFile; fileRef = AF1D22DA1D4C5DD30098460C /* Utils.swift */; };
		AF1D22EC1D4C5E710098460C /* Constants.swift in Sources */ = {isa = PBXBuildFile; fileRef = AF1D22EA1D4C5E710098460C /* Constants.swift */; };
		AF1D22ED1D4C5E710098460C /* MathTests.swift in Sources */ = {isa = PBXBuildFile; fileRef = AF1D22EB1D4C5E710098460C /* MathTests.swift */; };
		AF1D22F51D4C5E9A0098460C /* FibonacciBenchmarkTests.swift in Sources */ = {isa = PBXBuildFile; fileRef = AF1D22F41D4C5E9A0098460C /* FibonacciBenchmarkTests.swift */; };
		AF1D22F71D4C5E9A0098460C /* Fibonacci.framework in Frameworks */ = {isa = PBXBuildFile; fileRef = AF1D22B41D4C5D7E0098460C /* Fibonacci.framework */; };
		AF1D22FF1D4C61A40098460C /* Constants.swift in Sources */ = {isa = PBXBuildFile; fileRef = AF1D22FE1D4C61A40098460C /* Constants.swift */; };
		AF5497E21D500A7B001B6392 /* FibonacciGenerator.swift in Sources */ = {isa = PBXBuildFile; fileRef = AF5497DC1D500A7B001B6392 /* FibonacciGenerator.swift */; };
		AF5497E31D500A7B001B6392 /* FibonacciMemoizedGenerator.swift in Sources */ = {isa = PBXBuildFile; fileRef = AF5497DD1D500A7B001B6392 /* FibonacciMemoizedGenerator.swift */; };
		AF5497E41D500A7B001B6392 /* FibonacciMemoizedSequence.swift in Sources */ = {isa = PBXBuildFile; fileRef = AF5497DE1D500A7B001B6392 /* FibonacciMemoizedSequence.swift */; };
		AF5497E51D500A7B001B6392 /* FibonacciSequence.swift in Sources */ = {isa = PBXBuildFile; fileRef = AF5497DF1D500A7B001B6392 /* FibonacciSequence.swift */; };
		AF5497E61D500A7B001B6392 /* FibonacciSequenceWithGenerator.swift in Sources */ = {isa = PBXBuildFile; fileRef = AF5497E01D500A7B001B6392 /* FibonacciSequenceWithGenerator.swift */; };
		AF5497E71D500A7B001B6392 /* FibonacciSequenceWithMemoizedGenerator.swift in Sources */ = {isa = PBXBuildFile; fileRef = AF5497E11D500A7B001B6392 /* FibonacciSequenceWithMemoizedGenerator.swift */; };
		AF5497EE1D500A97001B6392 /* FibonacciGeneratorTests.swift in Sources */ = {isa = PBXBuildFile; fileRef = AF5497E81D500A97001B6392 /* FibonacciGeneratorTests.swift */; };
		AF5497EF1D500A97001B6392 /* FibonacciMemoizedFiniteSequenceTests.swift in Sources */ = {isa = PBXBuildFile; fileRef = AF5497E91D500A97001B6392 /* FibonacciMemoizedFiniteSequenceTests.swift */; };
		AF5497F01D500A97001B6392 /* FibonacciMemoizedGeneratorTests.swift in Sources */ = {isa = PBXBuildFile; fileRef = AF5497EA1D500A97001B6392 /* FibonacciMemoizedGeneratorTests.swift */; };
		AF5497F11D500A97001B6392 /* FibonacciSequenceTests.swift in Sources */ = {isa = PBXBuildFile; fileRef = AF5497EB1D500A97001B6392 /* FibonacciSequenceTests.swift */; };
		AF5497F21D500A97001B6392 /* FibonacciSequenceWithGeneratorTests.swift in Sources */ = {isa = PBXBuildFile; fileRef = AF5497EC1D500A97001B6392 /* FibonacciSequenceWithGeneratorTests.swift */; };
		AF5497F31D500A97001B6392 /* FibonacciSequenceWithMemoizedGeneratorTests.swift in Sources */ = {isa = PBXBuildFile; fileRef = AF5497ED1D500A97001B6392 /* FibonacciSequenceWithMemoizedGeneratorTests.swift */; };
/* End PBXBuildFile section */

/* Begin PBXContainerItemProxy section */
		AF1D22C01D4C5D7E0098460C /* PBXContainerItemProxy */ = {
			isa = PBXContainerItemProxy;
			containerPortal = AF1D22AB1D4C5D7E0098460C /* Project object */;
			proxyType = 1;
			remoteGlobalIDString = AF1D22B31D4C5D7E0098460C;
			remoteInfo = Fibonacci;
		};
		AF1D22F81D4C5E9A0098460C /* PBXContainerItemProxy */ = {
			isa = PBXContainerItemProxy;
			containerPortal = AF1D22AB1D4C5D7E0098460C /* Project object */;
			proxyType = 1;
			remoteGlobalIDString = AF1D22B31D4C5D7E0098460C;
			remoteInfo = Fibonacci;
		};
/* End PBXContainerItemProxy section */

/* Begin PBXFileReference section */
		AF1D22B41D4C5D7E0098460C /* Fibonacci.framework */ = {isa = PBXFileReference; explicitFileType = wrapper.framework; includeInIndex = 0; path = Fibonacci.framework; sourceTree = BUILT_PRODUCTS_DIR; };
		AF1D22B71D4C5D7E0098460C /* Fibonacci.h */ = {isa = PBXFileReference; lastKnownFileType = sourcecode.c.h; path = Fibonacci.h; sourceTree = "<group>"; };
		AF1D22B91D4C5D7E0098460C /* Info.plist */ = {isa = PBXFileReference; lastKnownFileType = text.plist.xml; path = Info.plist; sourceTree = "<group>"; };
		AF1D22BE1D4C5D7E0098460C /* FibonacciTests.xctest */ = {isa = PBXFileReference; explicitFileType = wrapper.cfbundle; includeInIndex = 0; path = FibonacciTests.xctest; sourceTree = BUILT_PRODUCTS_DIR; };
		AF1D22C51D4C5D7E0098460C /* Info.plist */ = {isa = PBXFileReference; lastKnownFileType = text.plist.xml; path = Info.plist; sourceTree = "<group>"; };
		AF1D22D91D4C5DD30098460C /* Math.swift */ = {isa = PBXFileReference; fileEncoding = 4; lastKnownFileType = sourcecode.swift; path = Math.swift; sourceTree = "<group>"; };
		AF1D22DA1D4C5DD30098460C /* Utils.swift */ = {isa = PBXFileReference; fileEncoding = 4; lastKnownFileType = sourcecode.swift; path = Utils.swift; sourceTree = "<group>"; };
		AF1D22EA1D4C5E710098460C /* Constants.swift */ = {isa = PBXFileReference; fileEncoding = 4; lastKnownFileType = sourcecode.swift; path = Constants.swift; sourceTree = "<group>"; };
		AF1D22EB1D4C5E710098460C /* MathTests.swift */ = {isa = PBXFileReference; fileEncoding = 4; lastKnownFileType = sourcecode.swift; path = MathTests.swift; sourceTree = "<group>"; };
		AF1D22F21D4C5E9A0098460C /* FibonacciBenchmarkTests.xctest */ = {isa = PBXFileReference; explicitFileType = wrapper.cfbundle; includeInIndex = 0; path = FibonacciBenchmarkTests.xctest; sourceTree = BUILT_PRODUCTS_DIR; };
		AF1D22F41D4C5E9A0098460C /* FibonacciBenchmarkTests.swift */ = {isa = PBXFileReference; lastKnownFileType = sourcecode.swift; path = FibonacciBenchmarkTests.swift; sourceTree = "<group>"; };
		AF1D22F61D4C5E9A0098460C /* Info.plist */ = {isa = PBXFileReference; lastKnownFileType = text.plist.xml; path = Info.plist; sourceTree = "<group>"; };
		AF1D22FE1D4C61A40098460C /* Constants.swift */ = {isa = PBXFileReference; fileEncoding = 4; lastKnownFileType = sourcecode.swift; path = Constants.swift; sourceTree = "<group>"; };
		AF5497DC1D500A7B001B6392 /* FibonacciGenerator.swift */ = {isa = PBXFileReference; fileEncoding = 4; lastKnownFileType = sourcecode.swift; path = FibonacciGenerator.swift; sourceTree = "<group>"; };
		AF5497DD1D500A7B001B6392 /* FibonacciMemoizedGenerator.swift */ = {isa = PBXFileReference; fileEncoding = 4; lastKnownFileType = sourcecode.swift; path = FibonacciMemoizedGenerator.swift; sourceTree = "<group>"; };
		AF5497DE1D500A7B001B6392 /* FibonacciMemoizedSequence.swift */ = {isa = PBXFileReference; fileEncoding = 4; lastKnownFileType = sourcecode.swift; path = FibonacciMemoizedSequence.swift; sourceTree = "<group>"; };
		AF5497DF1D500A7B001B6392 /* FibonacciSequence.swift */ = {isa = PBXFileReference; fileEncoding = 4; lastKnownFileType = sourcecode.swift; path = FibonacciSequence.swift; sourceTree = "<group>"; };
		AF5497E01D500A7B001B6392 /* FibonacciSequenceWithGenerator.swift */ = {isa = PBXFileReference; fileEncoding = 4; lastKnownFileType = sourcecode.swift; path = FibonacciSequenceWithGenerator.swift; sourceTree = "<group>"; };
		AF5497E11D500A7B001B6392 /* FibonacciSequenceWithMemoizedGenerator.swift */ = {isa = PBXFileReference; fileEncoding = 4; lastKnownFileType = sourcecode.swift; path = FibonacciSequenceWithMemoizedGenerator.swift; sourceTree = "<group>"; };
		AF5497E81D500A97001B6392 /* FibonacciGeneratorTests.swift */ = {isa = PBXFileReference; fileEncoding = 4; lastKnownFileType = sourcecode.swift; path = FibonacciGeneratorTests.swift; sourceTree = "<group>"; };
		AF5497E91D500A97001B6392 /* FibonacciMemoizedFiniteSequenceTests.swift */ = {isa = PBXFileReference; fileEncoding = 4; lastKnownFileType = sourcecode.swift; path = FibonacciMemoizedFiniteSequenceTests.swift; sourceTree = "<group>"; };
		AF5497EA1D500A97001B6392 /* FibonacciMemoizedGeneratorTests.swift */ = {isa = PBXFileReference; fileEncoding = 4; lastKnownFileType = sourcecode.swift; path = FibonacciMemoizedGeneratorTests.swift; sourceTree = "<group>"; };
		AF5497EB1D500A97001B6392 /* FibonacciSequenceTests.swift */ = {isa = PBXFileReference; fileEncoding = 4; lastKnownFileType = sourcecode.swift; path = FibonacciSequenceTests.swift; sourceTree = "<group>"; };
		AF5497EC1D500A97001B6392 /* FibonacciSequenceWithGeneratorTests.swift */ = {isa = PBXFileReference; fileEncoding = 4; lastKnownFileType = sourcecode.swift; path = FibonacciSequenceWithGeneratorTests.swift; sourceTree = "<group>"; };
		AF5497ED1D500A97001B6392 /* FibonacciSequenceWithMemoizedGeneratorTests.swift */ = {isa = PBXFileReference; fileEncoding = 4; lastKnownFileType = sourcecode.swift; path = FibonacciSequenceWithMemoizedGeneratorTests.swift; sourceTree = "<group>"; };
/* End PBXFileReference section */

/* Begin PBXFrameworksBuildPhase section */
		AF1D22B01D4C5D7E0098460C /* Frameworks */ = {
			isa = PBXFrameworksBuildPhase;
			buildActionMask = 2147483647;
			files = (
			);
			runOnlyForDeploymentPostprocessing = 0;
		};
		AF1D22BB1D4C5D7E0098460C /* Frameworks */ = {
			isa = PBXFrameworksBuildPhase;
			buildActionMask = 2147483647;
			files = (
				AF1D22BF1D4C5D7E0098460C /* Fibonacci.framework in Frameworks */,
			);
			runOnlyForDeploymentPostprocessing = 0;
		};
		AF1D22EF1D4C5E9A0098460C /* Frameworks */ = {
			isa = PBXFrameworksBuildPhase;
			buildActionMask = 2147483647;
			files = (
				AF1D22F71D4C5E9A0098460C /* Fibonacci.framework in Frameworks */,
			);
			runOnlyForDeploymentPostprocessing = 0;
		};
/* End PBXFrameworksBuildPhase section */

/* Begin PBXGroup section */
		AF1D22AA1D4C5D7E0098460C = {
			isa = PBXGroup;
			children = (
				AF1D22B61D4C5D7E0098460C /* Fibonacci */,
				AF1D22C21D4C5D7E0098460C /* FibonacciTests */,
				AF1D22F31D4C5E9A0098460C /* FibonacciBenchmarkTests */,
				AF1D22B51D4C5D7E0098460C /* Products */,
			);
			sourceTree = "<group>";
		};
		AF1D22B51D4C5D7E0098460C /* Products */ = {
			isa = PBXGroup;
			children = (
				AF1D22B41D4C5D7E0098460C /* Fibonacci.framework */,
				AF1D22BE1D4C5D7E0098460C /* FibonacciTests.xctest */,
				AF1D22F21D4C5E9A0098460C /* FibonacciBenchmarkTests.xctest */,
			);
			name = Products;
			sourceTree = "<group>";
		};
		AF1D22B61D4C5D7E0098460C /* Fibonacci */ = {
			isa = PBXGroup;
			children = (
				AF5497DC1D500A7B001B6392 /* FibonacciGenerator.swift */,
				AF5497DD1D500A7B001B6392 /* FibonacciMemoizedGenerator.swift */,
				AF5497E01D500A7B001B6392 /* FibonacciSequenceWithGenerator.swift */,
				AF5497E11D500A7B001B6392 /* FibonacciSequenceWithMemoizedGenerator.swift */,
				AF5497DF1D500A7B001B6392 /* FibonacciSequence.swift */,
				AF5497DE1D500A7B001B6392 /* FibonacciMemoizedSequence.swift */,
				AF1D22D91D4C5DD30098460C /* Math.swift */,
				AF1D22DA1D4C5DD30098460C /* Utils.swift */,
				AF1D22CE1D4C5DA10098460C /* Resources */,
			);
			path = Fibonacci;
			sourceTree = "<group>";
		};
		AF1D22C21D4C5D7E0098460C /* FibonacciTests */ = {
			isa = PBXGroup;
			children = (
				AF5497E81D500A97001B6392 /* FibonacciGeneratorTests.swift */,
				AF5497EA1D500A97001B6392 /* FibonacciMemoizedGeneratorTests.swift */,
				AF5497EC1D500A97001B6392 /* FibonacciSequenceWithGeneratorTests.swift */,
				AF5497ED1D500A97001B6392 /* FibonacciSequenceWithMemoizedGeneratorTests.swift */,
				AF5497EB1D500A97001B6392 /* FibonacciSequenceTests.swift */,
				AF5497E91D500A97001B6392 /* FibonacciMemoizedFiniteSequenceTests.swift */,
				AF1D22EA1D4C5E710098460C /* Constants.swift */,
				AF1D22EB1D4C5E710098460C /* MathTests.swift */,
				AF1D22DD1D4C5E300098460C /* Resources */,
			);
			path = FibonacciTests;
			sourceTree = "<group>";
		};
		AF1D22CE1D4C5DA10098460C /* Resources */ = {
			isa = PBXGroup;
			children = (
				AF1D22B71D4C5D7E0098460C /* Fibonacci.h */,
				AF1D22B91D4C5D7E0098460C /* Info.plist */,
			);
			name = Resources;
			sourceTree = "<group>";
		};
		AF1D22DD1D4C5E300098460C /* Resources */ = {
			isa = PBXGroup;
			children = (
				AF1D22C51D4C5D7E0098460C /* Info.plist */,
			);
			name = Resources;
			sourceTree = "<group>";
		};
		AF1D22F31D4C5E9A0098460C /* FibonacciBenchmarkTests */ = {
			isa = PBXGroup;
			children = (
				AF1D22FE1D4C61A40098460C /* Constants.swift */,
				AF1D22F41D4C5E9A0098460C /* FibonacciBenchmarkTests.swift */,
				AF1D22FD1D4C5EB40098460C /* Resources */,
			);
			path = FibonacciBenchmarkTests;
			sourceTree = "<group>";
		};
		AF1D22FD1D4C5EB40098460C /* Resources */ = {
			isa = PBXGroup;
			children = (
				AF1D22F61D4C5E9A0098460C /* Info.plist */,
			);
			name = Resources;
			sourceTree = "<group>";
		};
/* End PBXGroup section */

/* Begin PBXHeadersBuildPhase section */
		AF1D22B11D4C5D7E0098460C /* Headers */ = {
			isa = PBXHeadersBuildPhase;
			buildActionMask = 2147483647;
			files = (
				AF1D22B81D4C5D7E0098460C /* Fibonacci.h in Headers */,
			);
			runOnlyForDeploymentPostprocessing = 0;
		};
/* End PBXHeadersBuildPhase section */

/* Begin PBXNativeTarget section */
		AF1D22B31D4C5D7E0098460C /* Fibonacci */ = {
			isa = PBXNativeTarget;
			buildConfigurationList = AF1D22C81D4C5D7E0098460C /* Build configuration list for PBXNativeTarget "Fibonacci" */;
			buildPhases = (
				AF1D22AF1D4C5D7E0098460C /* Sources */,
				AF1D22B01D4C5D7E0098460C /* Frameworks */,
				AF1D22B11D4C5D7E0098460C /* Headers */,
				AF1D22B21D4C5D7E0098460C /* Resources */,
			);
			buildRules = (
			);
			dependencies = (
			);
			name = Fibonacci;
			productName = Fibonacci;
			productReference = AF1D22B41D4C5D7E0098460C /* Fibonacci.framework */;
			productType = "com.apple.product-type.framework";
		};
		AF1D22BD1D4C5D7E0098460C /* FibonacciTests */ = {
			isa = PBXNativeTarget;
			buildConfigurationList = AF1D22CB1D4C5D7E0098460C /* Build configuration list for PBXNativeTarget "FibonacciTests" */;
			buildPhases = (
				AF1D22BA1D4C5D7E0098460C /* Sources */,
				AF1D22BB1D4C5D7E0098460C /* Frameworks */,
				AF1D22BC1D4C5D7E0098460C /* Resources */,
			);
			buildRules = (
			);
			dependencies = (
				AF1D22C11D4C5D7E0098460C /* PBXTargetDependency */,
			);
			name = FibonacciTests;
			productName = FibonacciTests;
			productReference = AF1D22BE1D4C5D7E0098460C /* FibonacciTests.xctest */;
			productType = "com.apple.product-type.bundle.unit-test";
		};
		AF1D22F11D4C5E9A0098460C /* FibonacciBenchmarkTests */ = {
			isa = PBXNativeTarget;
			buildConfigurationList = AF1D22FA1D4C5E9A0098460C /* Build configuration list for PBXNativeTarget "FibonacciBenchmarkTests" */;
			buildPhases = (
				AF1D22EE1D4C5E9A0098460C /* Sources */,
				AF1D22EF1D4C5E9A0098460C /* Frameworks */,
				AF1D22F01D4C5E9A0098460C /* Resources */,
			);
			buildRules = (
			);
			dependencies = (
				AF1D22F91D4C5E9A0098460C /* PBXTargetDependency */,
			);
			name = FibonacciBenchmarkTests;
			productName = FibonacciBenchmarkTests;
			productReference = AF1D22F21D4C5E9A0098460C /* FibonacciBenchmarkTests.xctest */;
			productType = "com.apple.product-type.bundle.unit-test";
		};
/* End PBXNativeTarget section */

/* Begin PBXProject section */
		AF1D22AB1D4C5D7E0098460C /* Project object */ = {
			isa = PBXProject;
			attributes = {
				LastSwiftUpdateCheck = 0730;
				LastUpgradeCheck = 0730;
				ORGANIZATIONNAME = "Prearo, Andrea";
				TargetAttributes = {
					AF1D22B31D4C5D7E0098460C = {
						CreatedOnToolsVersion = 7.3.1;
					};
					AF1D22BD1D4C5D7E0098460C = {
						CreatedOnToolsVersion = 7.3.1;
					};
					AF1D22F11D4C5E9A0098460C = {
						CreatedOnToolsVersion = 7.3.1;
					};
				};
			};
			buildConfigurationList = AF1D22AE1D4C5D7E0098460C /* Build configuration list for PBXProject "Fibonacci" */;
			compatibilityVersion = "Xcode 3.2";
			developmentRegion = English;
			hasScannedForEncodings = 0;
			knownRegions = (
				en,
			);
			mainGroup = AF1D22AA1D4C5D7E0098460C;
			productRefGroup = AF1D22B51D4C5D7E0098460C /* Products */;
			projectDirPath = "";
			projectRoot = "";
			targets = (
				AF1D22B31D4C5D7E0098460C /* Fibonacci */,
				AF1D22BD1D4C5D7E0098460C /* FibonacciTests */,
				AF1D22F11D4C5E9A0098460C /* FibonacciBenchmarkTests */,
			);
		};
/* End PBXProject section */

/* Begin PBXResourcesBuildPhase section */
		AF1D22B21D4C5D7E0098460C /* Resources */ = {
			isa = PBXResourcesBuildPhase;
			buildActionMask = 2147483647;
			files = (
			);
			runOnlyForDeploymentPostprocessing = 0;
		};
		AF1D22BC1D4C5D7E0098460C /* Resources */ = {
			isa = PBXResourcesBuildPhase;
			buildActionMask = 2147483647;
			files = (
			);
			runOnlyForDeploymentPostprocessing = 0;
		};
		AF1D22F01D4C5E9A0098460C /* Resources */ = {
			isa = PBXResourcesBuildPhase;
			buildActionMask = 2147483647;
			files = (
			);
			runOnlyForDeploymentPostprocessing = 0;
		};
/* End PBXResourcesBuildPhase section */

/* Begin PBXSourcesBuildPhase section */
		AF1D22AF1D4C5D7E0098460C /* Sources */ = {
			isa = PBXSourcesBuildPhase;
			buildActionMask = 2147483647;
			files = (
				AF5497E61D500A7B001B6392 /* FibonacciSequenceWithGenerator.swift in Sources */,
				AF5497E31D500A7B001B6392 /* FibonacciMemoizedGenerator.swift in Sources */,
				AF1D22DB1D4C5DD30098460C /* Math.swift in Sources */,
				AF5497E71D500A7B001B6392 /* FibonacciSequenceWithMemoizedGenerator.swift in Sources */,
				AF1D22DC1D4C5DD30098460C /* Utils.swift in Sources */,
				AF5497E51D500A7B001B6392 /* FibonacciSequence.swift in Sources */,
				AF5497E21D500A7B001B6392 /* FibonacciGenerator.swift in Sources */,
				AF5497E41D500A7B001B6392 /* FibonacciMemoizedSequence.swift in Sources */,
			);
			runOnlyForDeploymentPostprocessing = 0;
		};
		AF1D22BA1D4C5D7E0098460C /* Sources */ = {
			isa = PBXSourcesBuildPhase;
			buildActionMask = 2147483647;
			files = (
				AF5497EF1D500A97001B6392 /* FibonacciMemoizedFiniteSequenceTests.swift in Sources */,
				AF5497F11D500A97001B6392 /* FibonacciSequenceTests.swift in Sources */,
				AF1D22EC1D4C5E710098460C /* Constants.swift in Sources */,
				AF5497F31D500A97001B6392 /* FibonacciSequenceWithMemoizedGeneratorTests.swift in Sources */,
				AF5497F21D500A97001B6392 /* FibonacciSequenceWithGeneratorTests.swift in Sources */,
				AF1D22ED1D4C5E710098460C /* MathTests.swift in Sources */,
				AF5497EE1D500A97001B6392 /* FibonacciGeneratorTests.swift in Sources */,
				AF5497F01D500A97001B6392 /* FibonacciMemoizedGeneratorTests.swift in Sources */,
			);
			runOnlyForDeploymentPostprocessing = 0;
		};
		AF1D22EE1D4C5E9A0098460C /* Sources */ = {
			isa = PBXSourcesBuildPhase;
			buildActionMask = 2147483647;
			files = (
				AF1D22F51D4C5E9A0098460C /* FibonacciBenchmarkTests.swift in Sources */,
				AF1D22FF1D4C61A40098460C /* Constants.swift in Sources */,
			);
			runOnlyForDeploymentPostprocessing = 0;
		};
/* End PBXSourcesBuildPhase section */

/* Begin PBXTargetDependency section */
		AF1D22C11D4C5D7E0098460C /* PBXTargetDependency */ = {
			isa = PBXTargetDependency;
			target = AF1D22B31D4C5D7E0098460C /* Fibonacci */;
			targetProxy = AF1D22C01D4C5D7E0098460C /* PBXContainerItemProxy */;
		};
		AF1D22F91D4C5E9A0098460C /* PBXTargetDependency */ = {
			isa = PBXTargetDependency;
			target = AF1D22B31D4C5D7E0098460C /* Fibonacci */;
			targetProxy = AF1D22F81D4C5E9A0098460C /* PBXContainerItemProxy */;
		};
/* End PBXTargetDependency section */

/* Begin XCBuildConfiguration section */
		AF1D22C61D4C5D7E0098460C /* Debug */ = {
			isa = XCBuildConfiguration;
			buildSettings = {
				ALWAYS_SEARCH_USER_PATHS = NO;
				CLANG_ANALYZER_NONNULL = YES;
				CLANG_CXX_LANGUAGE_STANDARD = "gnu++0x";
				CLANG_CXX_LIBRARY = "libc++";
				CLANG_ENABLE_MODULES = YES;
				CLANG_ENABLE_OBJC_ARC = YES;
				CLANG_WARN_BOOL_CONVERSION = YES;
				CLANG_WARN_CONSTANT_CONVERSION = YES;
				CLANG_WARN_DIRECT_OBJC_ISA_USAGE = YES_ERROR;
				CLANG_WARN_EMPTY_BODY = YES;
				CLANG_WARN_ENUM_CONVERSION = YES;
				CLANG_WARN_INT_CONVERSION = YES;
				CLANG_WARN_OBJC_ROOT_CLASS = YES_ERROR;
				CLANG_WARN_UNREACHABLE_CODE = YES;
				CLANG_WARN__DUPLICATE_METHOD_MATCH = YES;
				CODE_SIGN_IDENTITY = "-";
				COPY_PHASE_STRIP = NO;
				CURRENT_PROJECT_VERSION = 1;
				DEBUG_INFORMATION_FORMAT = dwarf;
				ENABLE_STRICT_OBJC_MSGSEND = YES;
				ENABLE_TESTABILITY = YES;
				GCC_C_LANGUAGE_STANDARD = gnu99;
				GCC_DYNAMIC_NO_PIC = NO;
				GCC_NO_COMMON_BLOCKS = YES;
				GCC_OPTIMIZATION_LEVEL = 0;
				GCC_PREPROCESSOR_DEFINITIONS = (
					"DEBUG=1",
					"$(inherited)",
				);
				GCC_WARN_64_TO_32_BIT_CONVERSION = YES;
				GCC_WARN_ABOUT_RETURN_TYPE = YES_ERROR;
				GCC_WARN_UNDECLARED_SELECTOR = YES;
				GCC_WARN_UNINITIALIZED_AUTOS = YES_AGGRESSIVE;
				GCC_WARN_UNUSED_FUNCTION = YES;
				GCC_WARN_UNUSED_VARIABLE = YES;
				MACOSX_DEPLOYMENT_TARGET = 10.11;
				MTL_ENABLE_DEBUG_INFO = YES;
				ONLY_ACTIVE_ARCH = YES;
				SDKROOT = macosx;
				SWIFT_OPTIMIZATION_LEVEL = "-Onone";
				VERSIONING_SYSTEM = "apple-generic";
				VERSION_INFO_PREFIX = "";
			};
			name = Debug;
		};
		AF1D22C71D4C5D7E0098460C /* Release */ = {
			isa = XCBuildConfiguration;
			buildSettings = {
				ALWAYS_SEARCH_USER_PATHS = NO;
				CLANG_ANALYZER_NONNULL = YES;
				CLANG_CXX_LANGUAGE_STANDARD = "gnu++0x";
				CLANG_CXX_LIBRARY = "libc++";
				CLANG_ENABLE_MODULES = YES;
				CLANG_ENABLE_OBJC_ARC = YES;
				CLANG_WARN_BOOL_CONVERSION = YES;
				CLANG_WARN_CONSTANT_CONVERSION = YES;
				CLANG_WARN_DIRECT_OBJC_ISA_USAGE = YES_ERROR;
				CLANG_WARN_EMPTY_BODY = YES;
				CLANG_WARN_ENUM_CONVERSION = YES;
				CLANG_WARN_INT_CONVERSION = YES;
				CLANG_WARN_OBJC_ROOT_CLASS = YES_ERROR;
				CLANG_WARN_UNREACHABLE_CODE = YES;
				CLANG_WARN__DUPLICATE_METHOD_MATCH = YES;
				CODE_SIGN_IDENTITY = "-";
				COPY_PHASE_STRIP = NO;
				CURRENT_PROJECT_VERSION = 1;
				DEBUG_INFORMATION_FORMAT = "dwarf-with-dsym";
				ENABLE_NS_ASSERTIONS = NO;
				ENABLE_STRICT_OBJC_MSGSEND = YES;
				GCC_C_LANGUAGE_STANDARD = gnu99;
				GCC_NO_COMMON_BLOCKS = YES;
				GCC_WARN_64_TO_32_BIT_CONVERSION = YES;
				GCC_WARN_ABOUT_RETURN_TYPE = YES_ERROR;
				GCC_WARN_UNDECLARED_SELECTOR = YES;
				GCC_WARN_UNINITIALIZED_AUTOS = YES_AGGRESSIVE;
				GCC_WARN_UNUSED_FUNCTION = YES;
				GCC_WARN_UNUSED_VARIABLE = YES;
				MACOSX_DEPLOYMENT_TARGET = 10.11;
				MTL_ENABLE_DEBUG_INFO = NO;
				SDKROOT = macosx;
				VERSIONING_SYSTEM = "apple-generic";
				VERSION_INFO_PREFIX = "";
			};
			name = Release;
		};
		AF1D22C91D4C5D7E0098460C /* Debug */ = {
			isa = XCBuildConfiguration;
			buildSettings = {
				CLANG_ENABLE_MODULES = YES;
				COMBINE_HIDPI_IMAGES = YES;
				DEFINES_MODULE = YES;
				DYLIB_COMPATIBILITY_VERSION = 1;
				DYLIB_CURRENT_VERSION = 1;
				DYLIB_INSTALL_NAME_BASE = "@rpath";
				FRAMEWORK_VERSION = A;
				INFOPLIST_FILE = Fibonacci/Info.plist;
				INSTALL_PATH = "$(LOCAL_LIBRARY_DIR)/Frameworks";
				LD_RUNPATH_SEARCH_PATHS = "$(inherited) @executable_path/../Frameworks @loader_path/Frameworks";
				PRODUCT_BUNDLE_IDENTIFIER = com.aprearo.Fibonacci;
				PRODUCT_NAME = "$(TARGET_NAME)";
				SKIP_INSTALL = YES;
				SWIFT_OPTIMIZATION_LEVEL = "-Onone";
			};
			name = Debug;
		};
		AF1D22CA1D4C5D7E0098460C /* Release */ = {
			isa = XCBuildConfiguration;
			buildSettings = {
				CLANG_ENABLE_MODULES = YES;
				COMBINE_HIDPI_IMAGES = YES;
				DEFINES_MODULE = YES;
				DYLIB_COMPATIBILITY_VERSION = 1;
				DYLIB_CURRENT_VERSION = 1;
				DYLIB_INSTALL_NAME_BASE = "@rpath";
				FRAMEWORK_VERSION = A;
				INFOPLIST_FILE = Fibonacci/Info.plist;
				INSTALL_PATH = "$(LOCAL_LIBRARY_DIR)/Frameworks";
				LD_RUNPATH_SEARCH_PATHS = "$(inherited) @executable_path/../Frameworks @loader_path/Frameworks";
				PRODUCT_BUNDLE_IDENTIFIER = com.aprearo.Fibonacci;
				PRODUCT_NAME = "$(TARGET_NAME)";
				SKIP_INSTALL = YES;
			};
			name = Release;
		};
		AF1D22CC1D4C5D7E0098460C /* Debug */ = {
			isa = XCBuildConfiguration;
			buildSettings = {
				CLANG_ENABLE_MODULES = YES;
				COMBINE_HIDPI_IMAGES = YES;
				INFOPLIST_FILE = FibonacciTests/Info.plist;
				LD_RUNPATH_SEARCH_PATHS = "$(inherited) @executable_path/../Frameworks @loader_path/../Frameworks";
				PRODUCT_BUNDLE_IDENTIFIER = com.aprearo.FibonacciTests;
				PRODUCT_NAME = "$(TARGET_NAME)";
				SWIFT_OPTIMIZATION_LEVEL = "-Onone";
			};
			name = Debug;
		};
		AF1D22CD1D4C5D7E0098460C /* Release */ = {
			isa = XCBuildConfiguration;
			buildSettings = {
				CLANG_ENABLE_MODULES = YES;
				COMBINE_HIDPI_IMAGES = YES;
				INFOPLIST_FILE = FibonacciTests/Info.plist;
				LD_RUNPATH_SEARCH_PATHS = "$(inherited) @executable_path/../Frameworks @loader_path/../Frameworks";
				PRODUCT_BUNDLE_IDENTIFIER = com.aprearo.FibonacciTests;
				PRODUCT_NAME = "$(TARGET_NAME)";
			};
			name = Release;
		};
		AF1D22FB1D4C5E9A0098460C /* Debug */ = {
			isa = XCBuildConfiguration;
			buildSettings = {
				COMBINE_HIDPI_IMAGES = YES;
				INFOPLIST_FILE = FibonacciBenchmarkTests/Info.plist;
				LD_RUNPATH_SEARCH_PATHS = "$(inherited) @executable_path/../Frameworks @loader_path/../Frameworks";
				PRODUCT_BUNDLE_IDENTIFIER = com.aprearo.FibonacciBenchmarkTests;
				PRODUCT_NAME = "$(TARGET_NAME)";
			};
			name = Debug;
		};
		AF1D22FC1D4C5E9A0098460C /* Release */ = {
			isa = XCBuildConfiguration;
			buildSettings = {
				COMBINE_HIDPI_IMAGES = YES;
				INFOPLIST_FILE = FibonacciBenchmarkTests/Info.plist;
				LD_RUNPATH_SEARCH_PATHS = "$(inherited) @executable_path/../Frameworks @loader_path/../Frameworks";
				PRODUCT_BUNDLE_IDENTIFIER = com.aprearo.FibonacciBenchmarkTests;
				PRODUCT_NAME = "$(TARGET_NAME)";
			};
			name = Release;
		};
/* End XCBuildConfiguration section */

/* Begin XCConfigurationList section */
		AF1D22AE1D4C5D7E0098460C /* Build configuration list for PBXProject "Fibonacci" */ = {
			isa = XCConfigurationList;
			buildConfigurations = (
				AF1D22C61D4C5D7E0098460C /* Debug */,
				AF1D22C71D4C5D7E0098460C /* Release */,
			);
			defaultConfigurationIsVisible = 0;
			defaultConfigurationName = Release;
		};
		AF1D22C81D4C5D7E0098460C /* Build configuration list for PBXNativeTarget "Fibonacci" */ = {
			isa = XCConfigurationList;
			buildConfigurations = (
				AF1D22C91D4C5D7E0098460C /* Debug */,
				AF1D22CA1D4C5D7E0098460C /* Release */,
			);
			defaultConfigurationIsVisible = 0;
			defaultConfigurationName = Release;
		};
		AF1D22CB1D4C5D7E0098460C /* Build configuration list for PBXNativeTarget "FibonacciTests" */ = {
			isa = XCConfigurationList;
			buildConfigurations = (
				AF1D22CC1D4C5D7E0098460C /* Debug */,
				AF1D22CD1D4C5D7E0098460C /* Release */,
			);
			defaultConfigurationIsVisible = 0;
			defaultConfigurationName = Release;
		};
		AF1D22FA1D4C5E9A0098460C /* Build configuration list for PBXNativeTarget "FibonacciBenchmarkTests" */ = {
			isa = XCConfigurationList;
			buildConfigurations = (
				AF1D22FB1D4C5E9A0098460C /* Debug */,
				AF1D22FC1D4C5E9A0098460C /* Release */,
			);
			defaultConfigurationIsVisible = 0;
			defaultConfigurationName = Release;
		};
/* End XCConfigurationList section */
	};
	rootObject = AF1D22AB1D4C5D7E0098460C /* Project object */;
}
